<?xml version="1.0" encoding="utf-8"?>
<Project ToolsVersion="4.0" xmlns="http://schemas.microsoft.com/developer/msbuild/2003">
  <ItemGroup>
    <Filter Include="源文件">
      <UniqueIdentifier>{4FC737F1-C7A5-4376-A066-2A32D752A2FF}</UniqueIdentifier>
      <Extensions>cpp;c;cc;cxx;def;odl;idl;hpj;bat;asm;asmx</Extensions>
    </Filter>
    <Filter Include="头文件">
      <UniqueIdentifier>{93995380-89BD-4b04-88EB-625FBE52EBFB}</UniqueIdentifier>
      <Extensions>h;hh;hpp;hxx;hm;inl;inc;xsd</Extensions>
    </Filter>
    <Filter Include="资源文件">
      <UniqueIdentifier>{67DA6AB6-F800-4c08-8B7A-83BB121AAD01}</UniqueIdentifier>
      <Extensions>rc;ico;cur;bmp;dlg;rc2;rct;bin;rgs;gif;jpg;jpeg;jpe;resx;tiff;tif;png;wav;mfcribbon-ms</Extensions>
    </Filter>
    <Filter Include="include">
      <UniqueIdentifier>{023a02f9-fc05-4941-847d-c1b4b3c57e67}</UniqueIdentifier>
    </Filter>
  </ItemGroup>
  <ItemGroup>
    <Text Include="ReadMe.txt" />
  </ItemGroup>
  <ItemGroup>
    <ClInclude Include="AvayaCtiService.h">
      <Filter>头文件</Filter>
    </ClInclude>
    <ClInclude Include="stdafx.h">
      <Filter>头文件</Filter>
    </ClInclude>
    <ClInclude Include="Resource.h">
      <Filter>头文件</Filter>
    </ClInclude>
    <ClInclude Include="AvayaCtiUI.h">
      <Filter>头文件</Filter>
    </ClInclude>
    <ClInclude Include="Constant.h">
      <Filter>头文件</Filter>
    </ClInclude>
    <ClInclude Include="AvayaCallCenterUserAgent.h">
      <Filter>头文件</Filter>
    </ClInclude>
    <ClInclude Include="TSAPIInterface.h">
      <Filter>头文件</Filter>
    </ClInclude>
    <ClInclude Include="KafkaConsumer.h">
      <Filter>头文件</Filter>
    </ClInclude>
    <ClInclude Include="KafkaProducer.h">
      <Filter>头文件</Filter>
    </ClInclude>
    <ClInclude Include="inc\Acs.h">
      <Filter>include</Filter>
    </ClInclude>
    <ClInclude Include="inc\Acsdefs.h">
      <Filter>include</Filter>
    </ClInclude>
    <ClInclude Include="inc\Acslimit.h">
      <Filter>include</Filter>
    </ClInclude>
    <ClInclude Include="inc\Attpdefs.h">
      <Filter>include</Filter>
    </ClInclude>
    <ClInclude Include="inc\Attpriv.h">
      <Filter>include</Filter>
    </ClInclude>
    <ClInclude Include="inc\Cdi.h">
      <Filter>include</Filter>
    </ClInclude>
    <ClInclude Include="inc\Csta.h">
      <Filter>include</Filter>
    </ClInclude>
    <ClInclude Include="inc\Cstadefs.h">
      <Filter>include</Filter>
    </ClInclude>
    <ClInclude Include="inc\drvrdefs.h">
      <Filter>include</Filter>
    </ClInclude>
    <ClInclude Include="inc\Insttsdr.h">
      <Filter>include</Filter>
    </ClInclude>
    <ClInclude Include="inc\json.h">
      <Filter>include</Filter>
    </ClInclude>
    <ClInclude Include="inc\json-forwards.h">
      <Filter>include</Filter>
    </ClInclude>
    <ClInclude Include="inc\rdkafka.h">
      <Filter>include</Filter>
    </ClInclude>
    <ClInclude Include="inc\rdkafkacpp.h">
      <Filter>include</Filter>
    </ClInclude>
    <ClInclude Include="inc\Sdb.h">
      <Filter>include</Filter>
    </ClInclude>
    <ClInclude Include="inc\sdbdefs.h">
      <Filter>include</Filter>
    </ClInclude>
    <ClInclude Include="inc\Tdi.h">
      <Filter>include</Filter>
    </ClInclude>
    <ClInclude Include="inc\Tdrvr.h">
      <Filter>include</Filter>
    </ClInclude>
    <ClInclude Include="inc\Tsplatfm.h">
      <Filter>include</Filter>
    </ClInclude>
    <ClInclude Include="AvayaCallCenterRouting.h">
      <Filter>头文件</Filter>
    </ClInclude>
    <ClInclude Include="MySQLInterface.h">
      <Filter>头文件</Filter>
    </ClInclude>
  </ItemGroup>
  <ItemGroup>
    <ClCompile Include="AvayaCtiService.cpp">
      <Filter>源文件</Filter>
    </ClCompile>
    <ClCompile Include="stdafx.cpp">
      <Filter>源文件</Filter>
    </ClCompile>
    <ClCompile Include="AvayaCtiUI.cpp">
      <Filter>源文件</Filter>
    </ClCompile>
    <ClCompile Include="AvayaCallCenterUserAgent.cpp">
      <Filter>源文件</Filter>
    </ClCompile>
    <ClCompile Include="TSAPIInterface.cpp">
      <Filter>源文件</Filter>
    </ClCompile>
    <ClCompile Include="KafkaConsumer.cpp">
      <Filter>源文件</Filter>
    </ClCompile>
    <ClCompile Include="KafkaProducer.cpp">
      <Filter>源文件</Filter>
    </ClCompile>
    <ClCompile Include="jsoncpp.cpp">
      <Filter>源文件</Filter>
    </ClCompile>
    <ClCompile Include="AvayaCallCenterRouting.cpp">
      <Filter>源文件</Filter>
    </ClCompile>
    <ClCompile Include="MySQLInterface.cpp">
      <Filter>源文件</Filter>
    </ClCompile>
  </ItemGroup>
  <ItemGroup>
    <ResourceCompile Include="AvayaCtiService.rc">
      <Filter>资源文件</Filter>
    </ResourceCompile>
  </ItemGroup>
  <ItemGroup>
    <None Include="res\AvayaCtiService.rc2">
      <Filter>资源文件</Filter>
    </None>
  </ItemGroup>
  <ItemGroup>
    <Image Include="res\AvayaCtiService.ico">
      <Filter>资源文件</Filter>
    </Image>
    <Image Include="res\Toolbar.bmp">
      <Filter>资源文件</Filter>
    </Image>
  </ItemGroup>
</Project>